
Microsoft Visual Studio Solution File, Format Version 12.00
# Visual Studio Version 17
VisualStudioVersion = 17.0.32112.339
MinimumVisualStudioVersion = 10.0.40219.1
Project("{9A19103F-16F7-4668-BE54-9A1E7A4F7556}") = "WinFormsApp3", "WinFormsApp3\WinFormsApp3.csproj", "{2BA5DE6B-9FD4-491E-B794-1316DD3E354C}"
EndProject
Project("{FAE04EC0-301F-11D3-BF4B-00C04F79EFBC}") = "LibForSql", "classForSql\LibForSql.csproj", "{51A19498-8A88-4F47-8451-6811B835E0DD}"
EndProject
Project("{FAE04EC0-301F-11D3-BF4B-00C04F79EFBC}") = "LibForUser", "classForUser\LibForUser.csproj", "{8317635F-779F-4420-AE41-02F61BE14690}"
EndProject
Global
	GlobalSection(SolutionConfigurationPlatforms) = preSolution
		Debug|Any CPU = Debug|Any CPU
		Release|Any CPU = Release|Any CPU
	EndGlobalSection
	GlobalSection(ProjectConfigurationPlatforms) = postSolution
		{2BA5DE6B-9FD4-491E-B794-1316DD3E354C}.Debug|Any CPU.ActiveCfg = Debug|Any CPU
		{2BA5DE6B-9FD4-491E-B794-1316DD3E354C}.Debug|Any CPU.Build.0 = Debug|Any CPU
		{2BA5DE6B-9FD4-491E-B794-1316DD3E354C}.Release|Any CPU.ActiveCfg = Release|Any CPU
		{2BA5DE6B-9FD4-491E-B794-1316DD3E354C}.Release|Any CPU.Build.0 = Release|Any CPU
		{51A19498-8A88-4F47-8451-6811B835E0DD}.Debug|Any CPU.ActiveCfg = Debug|Any CPU
		{51A19498-8A88-4F47-8451-6811B835E0DD}.Debug|Any CPU.Build.0 = Debug|Any CPU
		{51A19498-8A88-4F47-8451-6811B835E0DD}.Release|Any CPU.ActiveCfg = Release|Any CPU
		{51A19498-8A88-4F47-8451-6811B835E0DD}.Release|Any CPU.Build.0 = Release|Any CPU
		{8317635F-779F-4420-AE41-02F61BE14690}.Debug|Any CPU.ActiveCfg = Debug|Any CPU
		{8317635F-779F-4420-AE41-02F61BE14690}.Debug|Any CPU.Build.0 = Debug|Any CPU
		{8317635F-779F-4420-AE41-02F61BE14690}.Release|Any CPU.ActiveCfg = Release|Any CPU
		{8317635F-779F-4420-AE41-02F61BE14690}.Release|Any CPU.Build.0 = Release|Any CPU
	EndGlobalSection
	GlobalSection(SolutionProperties) = preSolution
		HideSolutionNode = FALSE
	EndGlobalSection
	GlobalSection(ExtensibilityGlobals) = postSolution
		SolutionGuid = {392B07F3-8126-4E0C-AF34-60D54EE98B30}
	EndGlobalSection
EndGlobal
